Microsoft Visual Studio Solution File, Format Version 12.00
# Visual Studio Version 17
VisualStudioVersion = 17.5.2.0
MinimumVisualStudioVersion = 10.0.40219.1
Project("{FAE04EC0-301F-11D3-BF4B-00C04F79EFBC}") = "AnimalShelterBuilderPool", "AnimalShelterBuilderPool.csproj", "{D058BB8C-87CA-AE72-7416-B2B6140053FC}"
EndProject
Global
	GlobalSection(SolutionConfigurationPlatforms) = preSolution
		Debug|Any CPU = Debug|Any CPU
		Release|Any CPU = Release|Any CPU
	EndGlobalSection
	GlobalSection(ProjectConfigurationPlatforms) = postSolution
		{D058BB8C-87CA-AE72-7416-B2B6140053FC}.Debug|Any CPU.ActiveCfg = Debug|Any CPU
		{D058BB8C-87CA-AE72-7416-B2B6140053FC}.Debug|Any CPU.Build.0 = Debug|Any CPU
		{D058BB8C-87CA-AE72-7416-B2B6140053FC}.Release|Any CPU.ActiveCfg = Release|Any CPU
		{D058BB8C-87CA-AE72-7416-B2B6140053FC}.Release|Any CPU.Build.0 = Release|Any CPU
	EndGlobalSection
	GlobalSection(SolutionProperties) = preSolution
		HideSolutionNode = FALSE
	EndGlobalSection
	GlobalSection(ExtensibilityGlobals) = postSolution
		SolutionGuid = {7B729973-3378-407B-9D32-4E9337E61437}
	EndGlobalSection
EndGlobal
